// !$*UTF8*$!
{
	archiveVersion = 1;
	classes = {
	};
	objectVersion = 46;
	objects = {

/* Begin PBXBuildFile section */
		A61719051CAE34C8002697F1 /* DDOverlayView.m in Sources */ = {isa = PBXBuildFile; fileRef = A61719041CAE34C8002697F1 /* DDOverlayView.m */; };
		A61719071CAE35CE002697F1 /* DDOverlayView.xib in Resources */ = {isa = PBXBuildFile; fileRef = A61719061CAE35CE002697F1 /* DDOverlayView.xib */; };
		A61719111CAE48AB002697F1 /* like@2x.png in Resources */ = {isa = PBXBuildFile; fileRef = A617190F1CAE48AB002697F1 /* like@2x.png */; };
		A61719121CAE48AB002697F1 /* nope@2x.png in Resources */ = {isa = PBXBuildFile; fileRef = A61719101CAE48AB002697F1 /* nope@2x.png */; };
		A61719141CAE4BA2002697F1 /* satomi@2x.png in Resources */ = {isa = PBXBuildFile; fileRef = A61719131CAE4BA2002697F1 /* satomi@2x.png */; };
		A646A6931CAD17A200D445BD /* main.m in Sources */ = {isa = PBXBuildFile; fileRef = A646A6921CAD17A200D445BD /* main.m */; };
		A646A6961CAD17A200D445BD /* AppDelegate.m in Sources */ = {isa = PBXBuildFile; fileRef = A646A6951CAD17A200D445BD /* AppDelegate.m */; };
		A646A69C1CAD17A200D445BD /* Main.storyboard in Resources */ = {isa = PBXBuildFile; fileRef = A646A69A1CAD17A200D445BD /* Main.storyboard */; };
		A646A69E1CAD17A200D445BD /* Assets.xcassets in Resources */ = {isa = PBXBuildFile; fileRef = A646A69D1CAD17A200D445BD /* Assets.xcassets */; };
		A646A6A11CAD17A200D445BD /* LaunchScreen.storyboard in Resources */ = {isa = PBXBuildFile; fileRef = A646A69F1CAD17A200D445BD /* LaunchScreen.storyboard */; };
		A646A6AC1CAD18EB00D445BD /* MainViewController.m in Sources */ = {isa = PBXBuildFile; fileRef = A646A6AB1CAD18EB00D445BD /* MainViewController.m */; };
		A646A6B01CAD191500D445BD /* DDDraggableView.m in Sources */ = {isa = PBXBuildFile; fileRef = A646A6AF1CAD191500D445BD /* DDDraggableView.m */; };
		A646A6B21CAD194300D445BD /* DDDraggableView.xib in Resources */ = {isa = PBXBuildFile; fileRef = A646A6B11CAD194300D445BD /* DDDraggableView.xib */; };
		A646A6B41CAD25D400D445BD /* DDMainView.xib in Resources */ = {isa = PBXBuildFile; fileRef = A646A6B31CAD25D400D445BD /* DDMainView.xib */; };
		A646A6B71CAD25E500D445BD /* DDMainView.m in Sources */ = {isa = PBXBuildFile; fileRef = A646A6B61CAD25E500D445BD /* DDMainView.m */; };
/* End PBXBuildFile section */

/* Begin PBXFileReference section */
		A61719031CAE34C8002697F1 /* DDOverlayView.h */ = {isa = PBXFileReference; fileEncoding = 4; lastKnownFileType = sourcecode.c.h; path = DDOverlayView.h; sourceTree = "<group>"; };
		A61719041CAE34C8002697F1 /* DDOverlayView.m */ = {isa = PBXFileReference; fileEncoding = 4; lastKnownFileType = sourcecode.c.objc; path = DDOverlayView.m; sourceTree = "<group>"; };
		A61719061CAE35CE002697F1 /* DDOverlayView.xib */ = {isa = PBXFileReference; fileEncoding = 4; lastKnownFileType = file.xib; path = DDOverlayView.xib; sourceTree = "<group>"; };
		A617190F1CAE48AB002697F1 /* like@2x.png */ = {isa = PBXFileReference; lastKnownFileType = image.png; path = "like@2x.png"; sourceTree = "<group>"; };
		A61719101CAE48AB002697F1 /* nope@2x.png */ = {isa = PBXFileReference; lastKnownFileType = image.png; path = "nope@2x.png"; sourceTree = "<group>"; };
		A61719131CAE4BA2002697F1 /* satomi@2x.png */ = {isa = PBXFileReference; lastKnownFileType = image.png; path = "satomi@2x.png"; sourceTree = "<group>"; };
		A646A68E1CAD17A200D445BD /* DDDraggableViewSample.app */ = {isa = PBXFileReference; explicitFileType = wrapper.application; includeInIndex = 0; path = DDDraggableViewSample.app; sourceTree = BUILT_PRODUCTS_DIR; };
		A646A6921CAD17A200D445BD /* main.m */ = {isa = PBXFileReference; lastKnownFileType = sourcecode.c.objc; path = main.m; sourceTree = "<group>"; };
		A646A6941CAD17A200D445BD /* AppDelegate.h */ = {isa = PBXFileReference; lastKnownFileType = sourcecode.c.h; path = AppDelegate.h; sourceTree = "<group>"; };
		A646A6951CAD17A200D445BD /* AppDelegate.m */ = {isa = PBXFileReference; lastKnownFileType = sourcecode.c.objc; path = AppDelegate.m; sourceTree = "<group>"; };
		A646A69B1CAD17A200D445BD /* Base */ = {isa = PBXFileReference; lastKnownFileType = file.storyboard; name = Base; path = Base.lproj/Main.storyboard; sourceTree = "<group>"; };
		A646A69D1CAD17A200D445BD /* Assets.xcassets */ = {isa = PBXFileReference; lastKnownFileType = folder.assetcatalog; path = Assets.xcassets; sourceTree = "<group>"; };
		A646A6A01CAD17A200D445BD /* Base */ = {isa = PBXFileReference; lastKnownFileType = file.storyboard; name = Base; path = Base.lproj/LaunchScreen.storyboard; sourceTree = "<group>"; };
		A646A6A21CAD17A200D445BD /* Info.plist */ = {isa = PBXFileReference; lastKnownFileType = text.plist.xml; path = Info.plist; sourceTree = "<group>"; };
		A646A6AA1CAD18EB00D445BD /* MainViewController.h */ = {isa = PBXFileReference; fileEncoding = 4; lastKnownFileType = sourcecode.c.h; path = MainViewController.h; sourceTree = "<group>"; };
		A646A6AB1CAD18EB00D445BD /* MainViewController.m */ = {isa = PBXFileReference; fileEncoding = 4; lastKnownFileType = sourcecode.c.objc; path = MainViewController.m; sourceTree = "<group>"; };
		A646A6AE1CAD191500D445BD /* DDDraggableView.h */ = {isa = PBXFileReference; fileEncoding = 4; lastKnownFileType = sourcecode.c.h; path = DDDraggableView.h; sourceTree = "<group>"; };
		A646A6AF1CAD191500D445BD /* DDDraggableView.m */ = {isa = PBXFileReference; fileEncoding = 4; lastKnownFileType = sourcecode.c.objc; path = DDDraggableView.m; sourceTree = "<group>"; };
		A646A6B11CAD194300D445BD /* DDDraggableView.xib */ = {isa = PBXFileReference; fileEncoding = 4; lastKnownFileType = file.xib; path = DDDraggableView.xib; sourceTree = "<group>"; };
		A646A6B31CAD25D400D445BD /* DDMainView.xib */ = {isa = PBXFileReference; fileEncoding = 4; lastKnownFileType = file.xib; path = DDMainView.xib; sourceTree = "<group>"; };
		A646A6B51CAD25E500D445BD /* DDMainView.h */ = {isa = PBXFileReference; fileEncoding = 4; lastKnownFileType = sourcecode.c.h; path = DDMainView.h; sourceTree = "<group>"; };
		A646A6B61CAD25E500D445BD /* DDMainView.m */ = {isa = PBXFileReference; fileEncoding = 4; lastKnownFileType = sourcecode.c.objc; path = DDMainView.m; sourceTree = "<group>"; };
/* End PBXFileReference section */

/* Begin PBXFrameworksBuildPhase section */
		A646A68B1CAD17A200D445BD /* Frameworks */ = {
			isa = PBXFrameworksBuildPhase;
			buildActionMask = 2147483647;
			files = (
			);
			runOnlyForDeploymentPostprocessing = 0;
		};
/* End PBXFrameworksBuildPhase section */

/* Begin PBXGroup section */
		A61719081CAE37F8002697F1 /* images */ = {
			isa = PBXGroup;
			children = (
				A617190F1CAE48AB002697F1 /* like@2x.png */,
				A61719101CAE48AB002697F1 /* nope@2x.png */,
				A61719131CAE4BA2002697F1 /* satomi@2x.png */,
			);
			name = images;
			path = DraggableViewSample/images;
			sourceTree = "<group>";
		};
		A646A6851CAD17A200D445BD = {
			isa = PBXGroup;
			children = (
				A61719081CAE37F8002697F1 /* images */,
				A646A6901CAD17A200D445BD /* DraggableViewSample */,
				A646A68F1CAD17A200D445BD /* Products */,
			);
			sourceTree = "<group>";
		};
		A646A68F1CAD17A200D445BD /* Products */ = {
			isa = PBXGroup;
			children = (
				A646A68E1CAD17A200D445BD /* DDDraggableViewSample.app */,
			);
			name = Products;
			sourceTree = "<group>";
		};
		A646A6901CAD17A200D445BD /* DraggableViewSample */ = {
			isa = PBXGroup;
			children = (
				A646A6AD1CAD18FD00D445BD /* View */,
				A646A6A91CAD18EB00D445BD /* ViewController */,
				A646A6941CAD17A200D445BD /* AppDelegate.h */,
				A646A6951CAD17A200D445BD /* AppDelegate.m */,
				A646A69A1CAD17A200D445BD /* Main.storyboard */,
				A646A69D1CAD17A200D445BD /* Assets.xcassets */,
				A646A69F1CAD17A200D445BD /* LaunchScreen.storyboard */,
				A646A6A21CAD17A200D445BD /* Info.plist */,
				A646A6911CAD17A200D445BD /* Supporting Files */,
			);
			path = DraggableViewSample;
			sourceTree = "<group>";
		};
		A646A6911CAD17A200D445BD /* Supporting Files */ = {
			isa = PBXGroup;
			children = (
				A646A6921CAD17A200D445BD /* main.m */,
			);
			name = "Supporting Files";
			sourceTree = "<group>";
		};
		A646A6A91CAD18EB00D445BD /* ViewController */ = {
			isa = PBXGroup;
			children = (
				A646A6AA1CAD18EB00D445BD /* MainViewController.h */,
				A646A6AB1CAD18EB00D445BD /* MainViewController.m */,
			);
			path = ViewController;
			sourceTree = "<group>";
		};
		A646A6AD1CAD18FD00D445BD /* View */ = {
			isa = PBXGroup;
			children = (
				A61719031CAE34C8002697F1 /* DDOverlayView.h */,
				A61719041CAE34C8002697F1 /* DDOverlayView.m */,
				A61719061CAE35CE002697F1 /* DDOverlayView.xib */,
				A646A6AE1CAD191500D445BD /* DDDraggableView.h */,
				A646A6AF1CAD191500D445BD /* DDDraggableView.m */,
				A646A6B11CAD194300D445BD /* DDDraggableView.xib */,
				A646A6B51CAD25E500D445BD /* DDMainView.h */,
				A646A6B61CAD25E500D445BD /* DDMainView.m */,
				A646A6B31CAD25D400D445BD /* DDMainView.xib */,
			);
			path = View;
			sourceTree = "<group>";
		};
/* End PBXGroup section */

/* Begin PBXNativeTarget section */
		A646A68D1CAD17A200D445BD /* DDDraggableViewSample */ = {
			isa = PBXNativeTarget;
			buildConfigurationList = A646A6A51CAD17A200D445BD /* Build configuration list for PBXNativeTarget "DDDraggableViewSample" */;
			buildPhases = (
				A646A68A1CAD17A200D445BD /* Sources */,
				A646A68B1CAD17A200D445BD /* Frameworks */,
				A646A68C1CAD17A200D445BD /* Resources */,
			);
			buildRules = (
			);
			dependencies = (
			);
			name = DDDraggableViewSample;
			productName = DraggableViewSample;
			productReference = A646A68E1CAD17A200D445BD /* DDDraggableViewSample.app */;
			productType = "com.apple.product-type.application";
		};
/* End PBXNativeTarget section */

/* Begin PBXProject section */
		A646A6861CAD17A200D445BD /* Project object */ = {
			isa = PBXProject;
			attributes = {
				LastUpgradeCheck = 0720;
				ORGANIZATIONNAME = "Daiki Ichikawa";
				TargetAttributes = {
					A646A68D1CAD17A200D445BD = {
						CreatedOnToolsVersion = 7.2;
					};
				};
			};
			buildConfigurationList = A646A6891CAD17A200D445BD /* Build configuration list for PBXProject "DDDraggableViewSample" */;
			compatibilityVersion = "Xcode 3.2";
			developmentRegion = English;
			hasScannedForEncodings = 0;
			knownRegions = (
				en,
				Base,
			);
			mainGroup = A646A6851CAD17A200D445BD;
			productRefGroup = A646A68F1CAD17A200D445BD /* Products */;
			projectDirPath = "";
			projectRoot = "";
			targets = (
				A646A68D1CAD17A200D445BD /* DDDraggableViewSample */,
			);
		};
/* End PBXProject section */

/* Begin PBXResourcesBuildPhase section */
		A646A68C1CAD17A200D445BD /* Resources */ = {
			isa = PBXResourcesBuildPhase;
			buildActionMask = 2147483647;
			files = (
				A646A6A11CAD17A200D445BD /* LaunchScreen.storyboard in Resources */,
				A61719121CAE48AB002697F1 /* nope@2x.png in Resources */,
				A61719071CAE35CE002697F1 /* DDOverlayView.xib in Resources */,
				A646A69E1CAD17A200D445BD /* Assets.xcassets in Resources */,
				A61719141CAE4BA2002697F1 /* satomi@2x.png in Resources */,
				A646A6B21CAD194300D445BD /* DDDraggableView.xib in Resources */,
				A646A69C1CAD17A200D445BD /* Main.storyboard in Resources */,
				A646A6B41CAD25D400D445BD /* DDMainView.xib in Resources */,
				A61719111CAE48AB002697F1 /* like@2x.png in Resources */,
			);
			runOnlyForDeploymentPostprocessing = 0;
		};
/* End PBXResourcesBuildPhase section */

/* Begin PBXSourcesBuildPhase section */
		A646A68A1CAD17A200D445BD /* Sources */ = {
			isa = PBXSourcesBuildPhase;
			buildActionMask = 2147483647;
			files = (
				A646A6B71CAD25E500D445BD /* DDMainView.m in Sources */,
				A61719051CAE34C8002697F1 /* DDOverlayView.m in Sources */,
				A646A6961CAD17A200D445BD /* AppDelegate.m in Sources */,
				A646A6931CAD17A200D445BD /* main.m in Sources */,
				A646A6B01CAD191500D445BD /* DDDraggableView.m in Sources */,
				A646A6AC1CAD18EB00D445BD /* MainViewController.m in Sources */,
			);
			runOnlyForDeploymentPostprocessing = 0;
		};
/* End PBXSourcesBuildPhase section */

/* Begin PBXVariantGroup section */
		A646A69A1CAD17A200D445BD /* Main.storyboard */ = {
			isa = PBXVariantGroup;
			children = (
				A646A69B1CAD17A200D445BD /* Base */,
			);
			name = Main.storyboard;
			sourceTree = "<group>";
		};
		A646A69F1CAD17A200D445BD /* LaunchScreen.storyboard */ = {
			isa = PBXVariantGroup;
			children = (
				A646A6A01CAD17A200D445BD /* Base */,
			);
			name = LaunchScreen.storyboard;
			sourceTree = "<group>";
		};
/* End PBXVariantGroup section */

/* Begin XCBuildConfiguration section */
		A646A6A31CAD17A200D445BD /* Debug */ = {
			isa = XCBuildConfiguration;
			buildSettings = {
				ALWAYS_SEARCH_USER_PATHS = NO;
				CLANG_CXX_LANGUAGE_STANDARD = "gnu++0x";
				CLANG_CXX_LIBRARY = "libc++";
				CLANG_ENABLE_MODULES = YES;
				CLANG_ENABLE_OBJC_ARC = YES;
				CLANG_WARN_BOOL_CONVERSION = YES;
				CLANG_WARN_CONSTANT_CONVERSION = YES;
				CLANG_WARN_DIRECT_OBJC_ISA_USAGE = YES_ERROR;
				CLANG_WARN_EMPTY_BODY = YES;
				CLANG_WARN_ENUM_CONVERSION = YES;
				CLANG_WARN_INT_CONVERSION = YES;
				CLANG_WARN_OBJC_ROOT_CLASS = YES_ERROR;
				CLANG_WARN_UNREACHABLE_CODE = YES;
				CLANG_WARN__DUPLICATE_METHOD_MATCH = YES;
				"CODE_SIGN_IDENTITY[sdk=iphoneos*]" = "iPhone Developer";
				COPY_PHASE_STRIP = NO;
				DEBUG_INFORMATION_FORMAT = dwarf;
				ENABLE_STRICT_OBJC_MSGSEND = YES;
				ENABLE_TESTABILITY = YES;
				GCC_C_LANGUAGE_STANDARD = gnu99;
				GCC_DYNAMIC_NO_PIC = NO;
				GCC_NO_COMMON_BLOCKS = YES;
				GCC_OPTIMIZATION_LEVEL = 0;
				GCC_PREPROCESSOR_DEFINITIONS = (
					"DEBUG=1",
					"$(inherited)",
				);
				GCC_WARN_64_TO_32_BIT_CONVERSION = YES;
				GCC_WARN_ABOUT_RETURN_TYPE = YES_ERROR;
				GCC_WARN_UNDECLARED_SELECTOR = YES;
				GCC_WARN_UNINITIALIZED_AUTOS = YES_AGGRESSIVE;
				GCC_WARN_UNUSED_FUNCTION = YES;
				GCC_WARN_UNUSED_VARIABLE = YES;
				IPHONEOS_DEPLOYMENT_TARGET = 9.2;
				MTL_ENABLE_DEBUG_INFO = YES;
				ONLY_ACTIVE_ARCH = YES;
				SDKROOT = iphoneos;
				TARGETED_DEVICE_FAMILY = "1,2";
			};
			name = Debug;
		};
		A646A6A41CAD17A200D445BD /* Release */ = {
			isa = XCBuildConfiguration;
			buildSettings = {
				ALWAYS_SEARCH_USER_PATHS = NO;
				CLANG_CXX_LANGUAGE_STANDARD = "gnu++0x";
				CLANG_CXX_LIBRARY = "libc++";
				CLANG_ENABLE_MODULES = YES;
				CLANG_ENABLE_OBJC_ARC = YES;
				CLANG_WARN_BOOL_CONVERSION = YES;
				CLANG_WARN_CONSTANT_CONVERSION = YES;
				CLANG_WARN_DIRECT_OBJC_ISA_USAGE = YES_ERROR;
				CLANG_WARN_EMPTY_BODY = YES;
				CLANG_WARN_ENUM_CONVERSION = YES;
				CLANG_WARN_INT_CONVERSION = YES;
				CLANG_WARN_OBJC_ROOT_CLASS = YES_ERROR;
				CLANG_WARN_UNREACHABLE_CODE = YES;
				CLANG_WARN__DUPLICATE_METHOD_MATCH = YES;
				"CODE_SIGN_IDENTITY[sdk=iphoneos*]" = "iPhone Developer";
				COPY_PHASE_STRIP = NO;
				DEBUG_INFORMATION_FORMAT = "dwarf-with-dsym";
				ENABLE_NS_ASSERTIONS = NO;
				ENABLE_STRICT_OBJC_MSGSEND = YES;
				GCC_C_LANGUAGE_STANDARD = gnu99;
				GCC_NO_COMMON_BLOCKS = YES;
				GCC_WARN_64_TO_32_BIT_CONVERSION = YES;
				GCC_WARN_ABOUT_RETURN_TYPE = YES_ERROR;
				GCC_WARN_UNDECLARED_SELECTOR = YES;
				GCC_WARN_UNINITIALIZED_AUTOS = YES_AGGRESSIVE;
				GCC_WARN_UNUSED_FUNCTION = YES;
				GCC_WARN_UNUSED_VARIABLE = YES;
				IPHONEOS_DEPLOYMENT_TARGET = 9.2;
				MTL_ENABLE_DEBUG_INFO = NO;
				SDKROOT = iphoneos;
				TARGETED_DEVICE_FAMILY = "1,2";
				VALIDATE_PRODUCT = YES;
			};
			name = Release;
		};
		A646A6A61CAD17A200D445BD /* Debug */ = {
			isa = XCBuildConfiguration;
			buildSettings = {
				ASSETCATALOG_COMPILER_APPICON_NAME = AppIcon;
				INFOPLIST_FILE = DraggableViewSample/Info.plist;
				IPHONEOS_DEPLOYMENT_TARGET = 7.0;
				LD_RUNPATH_SEARCH_PATHS = "$(inherited) @executable_path/Frameworks";
				PRODUCT_BUNDLE_IDENTIFIER = daiki.ichikawa.DraggableViewSample;
				PRODUCT_NAME = DDDraggableViewSample;
			};
			name = Debug;
		};
		A646A6A71CAD17A200D445BD /* Release */ = {
			isa = XCBuildConfiguration;
			buildSettings = {
				ASSETCATALOG_COMPILER_APPICON_NAME = AppIcon;
				INFOPLIST_FILE = DraggableViewSample/Info.plist;
				IPHONEOS_DEPLOYMENT_TARGET = 7.0;
				LD_RUNPATH_SEARCH_PATHS = "$(inherited) @executable_path/Frameworks";
				PRODUCT_BUNDLE_IDENTIFIER = daiki.ichikawa.DraggableViewSample;
				PRODUCT_NAME = DDDraggableViewSample;
			};
			name = Release;
		};
/* End XCBuildConfiguration section */

/* Begin XCConfigurationList section */
		A646A6891CAD17A200D445BD /* Build configuration list for PBXProject "DDDraggableViewSample" */ = {
			isa = XCConfigurationList;
			buildConfigurations = (
				A646A6A31CAD17A200D445BD /* Debug */,
				A646A6A41CAD17A200D445BD /* Release */,
			);
			defaultConfigurationIsVisible = 0;
			defaultConfigurationName = Release;
		};
		A646A6A51CAD17A200D445BD /* Build configuration list for PBXNativeTarget "DDDraggableViewSample" */ = {
			isa = XCConfigurationList;
			buildConfigurations = (
				A646A6A61CAD17A200D445BD /* Debug */,
				A646A6A71CAD17A200D445BD /* Release */,
			);
			defaultConfigurationIsVisible = 0;
			defaultConfigurationName = Release;
		};
/* End XCConfigurationList section */
	};
	rootObject = A646A6861CAD17A200D445BD /* Project object */;
}
